
Microsoft Visual Studio Solution File, Format Version 12.00
# Visual Studio Version 17
VisualStudioVersion = 17.0.31903.59
MinimumVisualStudioVersion = 10.0.40219.1
Project("{FAE04EC0-301F-11D3-BF4B-00C04F79EFBC}") = "Dune", "Dune\Dune.csproj", "{B7923882-809C-476E-8592-28C06F0711CA}"
EndProject
Project("{FAE04EC0-301F-11D3-BF4B-00C04F79EFBC}") = "Dune.Test", "Dune.Test\Dune.Test.csproj", "{B2722C53-A4EB-4430-97F4-183FDB65EA0A}"
EndProject
Global
	GlobalSection(SolutionConfigurationPlatforms) = preSolution
		Debug|Any CPU = Debug|Any CPU
		Debug|x64 = Debug|x64
		Debug|x86 = Debug|x86
		Release|Any CPU = Release|Any CPU
		Release|x64 = Release|x64
		Release|x86 = Release|x86
	EndGlobalSection
	GlobalSection(ProjectConfigurationPlatforms) = postSolution
		{B7923882-809C-476E-8592-28C06F0711CA}.Debug|Any CPU.ActiveCfg = Debug|Any CPU
		{B7923882-809C-476E-8592-28C06F0711CA}.Debug|Any CPU.Build.0 = Debug|Any CPU
		{B7923882-809C-476E-8592-28C06F0711CA}.Debug|x64.ActiveCfg = Debug|Any CPU
		{B7923882-809C-476E-8592-28C06F0711CA}.Debug|x64.Build.0 = Debug|Any CPU
		{B7923882-809C-476E-8592-28C06F0711CA}.Debug|x86.ActiveCfg = Debug|Any CPU
		{B7923882-809C-476E-8592-28C06F0711CA}.Debug|x86.Build.0 = Debug|Any CPU
		{B7923882-809C-476E-8592-28C06F0711CA}.Release|Any CPU.ActiveCfg = Release|Any CPU
		{B7923882-809C-476E-8592-28C06F0711CA}.Release|Any CPU.Build.0 = Release|Any CPU
		{B7923882-809C-476E-8592-28C06F0711CA}.Release|x64.ActiveCfg = Release|Any CPU
		{B7923882-809C-476E-8592-28C06F0711CA}.Release|x64.Build.0 = Release|Any CPU
		{B7923882-809C-476E-8592-28C06F0711CA}.Release|x86.ActiveCfg = Release|Any CPU
		{B7923882-809C-476E-8592-28C06F0711CA}.Release|x86.Build.0 = Release|Any CPU
		{B2722C53-A4EB-4430-97F4-183FDB65EA0A}.Debug|Any CPU.ActiveCfg = Debug|Any CPU
		{B2722C53-A4EB-4430-97F4-183FDB65EA0A}.Debug|Any CPU.Build.0 = Debug|Any CPU
		{B2722C53-A4EB-4430-97F4-183FDB65EA0A}.Debug|x64.ActiveCfg = Debug|Any CPU
		{B2722C53-A4EB-4430-97F4-183FDB65EA0A}.Debug|x64.Build.0 = Debug|Any CPU
		{B2722C53-A4EB-4430-97F4-183FDB65EA0A}.Debug|x86.ActiveCfg = Debug|Any CPU
		{B2722C53-A4EB-4430-97F4-183FDB65EA0A}.Debug|x86.Build.0 = Debug|Any CPU
		{B2722C53-A4EB-4430-97F4-183FDB65EA0A}.Release|Any CPU.ActiveCfg = Release|Any CPU
		{B2722C53-A4EB-4430-97F4-183FDB65EA0A}.Release|Any CPU.Build.0 = Release|Any CPU
		{B2722C53-A4EB-4430-97F4-183FDB65EA0A}.Release|x64.ActiveCfg = Release|Any CPU
		{B2722C53-A4EB-4430-97F4-183FDB65EA0A}.Release|x64.Build.0 = Release|Any CPU
		{B2722C53-A4EB-4430-97F4-183FDB65EA0A}.Release|x86.ActiveCfg = Release|Any CPU
		{B2722C53-A4EB-4430-97F4-183FDB65EA0A}.Release|x86.Build.0 = Release|Any CPU
	EndGlobalSection
	GlobalSection(SolutionProperties) = preSolution
		HideSolutionNode = FALSE
	EndGlobalSection
EndGlobal
